
Microsoft Visual Studio Solution File, Format Version 12.00
# Visual Studio Version 17
VisualStudioVersion = 17.9.34714.143
MinimumVisualStudioVersion = 10.0.40219.1
Project("{F184B08F-C81C-45F6-A57F-5ABD9991F28F}") = "PedalPals", "PedalPals.vbproj", "{BAD6CE4E-E0BC-4C8B-8C9E-051761EFD98F}"
EndProject
Global
	GlobalSection(SolutionConfigurationPlatforms) = preSolution
		Debug|Any CPU = Debug|Any CPU
		Release|Any CPU = Release|Any CPU
	EndGlobalSection
	GlobalSection(ProjectConfigurationPlatforms) = postSolution
		{BAD6CE4E-E0BC-4C8B-8C9E-051761EFD98F}.Debug|Any CPU.ActiveCfg = Debug|Any CPU
		{BAD6CE4E-E0BC-4C8B-8C9E-051761EFD98F}.Debug|Any CPU.Build.0 = Debug|Any CPU
		{BAD6CE4E-E0BC-4C8B-8C9E-051761EFD98F}.Release|Any CPU.ActiveCfg = Release|Any CPU
		{BAD6CE4E-E0BC-4C8B-8C9E-051761EFD98F}.Release|Any CPU.Build.0 = Release|Any CPU
	EndGlobalSection
	GlobalSection(SolutionProperties) = preSolution
		HideSolutionNode = FALSE
	EndGlobalSection
	GlobalSection(ExtensibilityGlobals) = postSolution
		SolutionGuid = {6FF24640-8F03-46F8-84A6-1318B3C066FD}
	EndGlobalSection
EndGlobal
